
Microsoft Visual Studio Solution File, Format Version 12.00
# Visual Studio Version 17
VisualStudioVersion = 17.4.33205.214
MinimumVisualStudioVersion = 10.0.40219.1
Project("{FAE04EC0-301F-11D3-BF4B-00C04F79EFBC}") = "Visitor Placement Tool", "Visitor Placement Tool.csproj", "{2E9877D6-EE41-47CE-A6F6-22BC83A291BA}"
EndProject
Global
	GlobalSection(SolutionConfigurationPlatforms) = preSolution
		Debug|Any CPU = Debug|Any CPU
		Release|Any CPU = Release|Any CPU
	EndGlobalSection
	GlobalSection(ProjectConfigurationPlatforms) = postSolution
		{2E9877D6-EE41-47CE-A6F6-22BC83A291BA}.Debug|Any CPU.ActiveCfg = Debug|Any CPU
		{2E9877D6-EE41-47CE-A6F6-22BC83A291BA}.Debug|Any CPU.Build.0 = Debug|Any CPU
		{2E9877D6-EE41-47CE-A6F6-22BC83A291BA}.Release|Any CPU.ActiveCfg = Release|Any CPU
		{2E9877D6-EE41-47CE-A6F6-22BC83A291BA}.Release|Any CPU.Build.0 = Release|Any CPU
	EndGlobalSection
	GlobalSection(SolutionProperties) = preSolution
		HideSolutionNode = FALSE
	EndGlobalSection
	GlobalSection(ExtensibilityGlobals) = postSolution
		SolutionGuid = {AC595F8F-8C8C-4F84-8111-059DF819D376}
	EndGlobalSection
EndGlobal
