
Microsoft Visual Studio Solution File, Format Version 12.00
# Visual Studio Version 17
VisualStudioVersion = 17.4.33205.214
MinimumVisualStudioVersion = 10.0.40219.1
Project("{9A19103F-16F7-4668-BE54-9A1E7A4F7556}") = "RedditProject", "RedditProject.csproj", "{F68786B6-2CFE-4DC5-8E5B-2814EF7A205D}"
EndProject
Project("{9A19103F-16F7-4668-BE54-9A1E7A4F7556}") = "RedditBusinessLayer", "..\RedditBusinessLayer\RedditBusinessLayer.csproj", "{DD5A47DB-9ADB-433B-BE81-75D6BEF8E655}"
EndProject
Project("{9A19103F-16F7-4668-BE54-9A1E7A4F7556}") = "RedditDataLayer", "..\RedditDataLayer\RedditDataLayer.csproj", "{3BCF1FAA-6F11-45D1-8EFB-AEB4D64B1B21}"
EndProject
Project("{9A19103F-16F7-4668-BE54-9A1E7A4F7556}") = "RedditUnitTests", "..\RedditUnitTests\RedditUnitTests.csproj", "{7DA9FFE0-02B9-403A-A2C1-719D0E7F4633}"
EndProject
Global
	GlobalSection(SolutionConfigurationPlatforms) = preSolution
		Debug|Any CPU = Debug|Any CPU
		Release|Any CPU = Release|Any CPU
	EndGlobalSection
	GlobalSection(ProjectConfigurationPlatforms) = postSolution
		{F68786B6-2CFE-4DC5-8E5B-2814EF7A205D}.Debug|Any CPU.ActiveCfg = Debug|Any CPU
		{F68786B6-2CFE-4DC5-8E5B-2814EF7A205D}.Debug|Any CPU.Build.0 = Debug|Any CPU
		{F68786B6-2CFE-4DC5-8E5B-2814EF7A205D}.Release|Any CPU.ActiveCfg = Release|Any CPU
		{F68786B6-2CFE-4DC5-8E5B-2814EF7A205D}.Release|Any CPU.Build.0 = Release|Any CPU
		{DD5A47DB-9ADB-433B-BE81-75D6BEF8E655}.Debug|Any CPU.ActiveCfg = Debug|Any CPU
		{DD5A47DB-9ADB-433B-BE81-75D6BEF8E655}.Debug|Any CPU.Build.0 = Debug|Any CPU
		{DD5A47DB-9ADB-433B-BE81-75D6BEF8E655}.Release|Any CPU.ActiveCfg = Release|Any CPU
		{DD5A47DB-9ADB-433B-BE81-75D6BEF8E655}.Release|Any CPU.Build.0 = Release|Any CPU
		{3BCF1FAA-6F11-45D1-8EFB-AEB4D64B1B21}.Debug|Any CPU.ActiveCfg = Debug|Any CPU
		{3BCF1FAA-6F11-45D1-8EFB-AEB4D64B1B21}.Debug|Any CPU.Build.0 = Debug|Any CPU
		{3BCF1FAA-6F11-45D1-8EFB-AEB4D64B1B21}.Release|Any CPU.ActiveCfg = Release|Any CPU
		{3BCF1FAA-6F11-45D1-8EFB-AEB4D64B1B21}.Release|Any CPU.Build.0 = Release|Any CPU
		{7DA9FFE0-02B9-403A-A2C1-719D0E7F4633}.Debug|Any CPU.ActiveCfg = Debug|Any CPU
		{7DA9FFE0-02B9-403A-A2C1-719D0E7F4633}.Debug|Any CPU.Build.0 = Debug|Any CPU
		{7DA9FFE0-02B9-403A-A2C1-719D0E7F4633}.Release|Any CPU.ActiveCfg = Release|Any CPU
		{7DA9FFE0-02B9-403A-A2C1-719D0E7F4633}.Release|Any CPU.Build.0 = Release|Any CPU
	EndGlobalSection
	GlobalSection(SolutionProperties) = preSolution
		HideSolutionNode = FALSE
	EndGlobalSection
	GlobalSection(ExtensibilityGlobals) = postSolution
		SolutionGuid = {5FEEAB69-32D5-4DF6-814C-08FB7BCD216B}
	EndGlobalSection
EndGlobal
