
Microsoft Visual Studio Solution File, Format Version 12.00
# Visual Studio Version 17
VisualStudioVersion = 17.5.33424.131
MinimumVisualStudioVersion = 10.0.40219.1
Project("{9A19103F-16F7-4668-BE54-9A1E7A4F7556}") = "RedditProject", "RedditProject.csproj", "{425DAB61-8477-4BED-A8B3-541627A9DFCA}"
EndProject
Global
	GlobalSection(SolutionConfigurationPlatforms) = preSolution
		Debug|Any CPU = Debug|Any CPU
		Release|Any CPU = Release|Any CPU
	EndGlobalSection
	GlobalSection(ProjectConfigurationPlatforms) = postSolution
		{425DAB61-8477-4BED-A8B3-541627A9DFCA}.Debug|Any CPU.ActiveCfg = Debug|Any CPU
		{425DAB61-8477-4BED-A8B3-541627A9DFCA}.Debug|Any CPU.Build.0 = Debug|Any CPU
		{425DAB61-8477-4BED-A8B3-541627A9DFCA}.Release|Any CPU.ActiveCfg = Release|Any CPU
		{425DAB61-8477-4BED-A8B3-541627A9DFCA}.Release|Any CPU.Build.0 = Release|Any CPU
	EndGlobalSection
	GlobalSection(SolutionProperties) = preSolution
		HideSolutionNode = FALSE
	EndGlobalSection
	GlobalSection(ExtensibilityGlobals) = postSolution
		SolutionGuid = {903A29A0-A6E2-4ACA-AB11-90AC2C46AF74}
	EndGlobalSection
EndGlobal
