
Microsoft Visual Studio Solution File, Format Version 12.00
# Visual Studio Version 17
VisualStudioVersion = 17.5.33424.131
MinimumVisualStudioVersion = 10.0.40219.1
Project("{FAE04EC0-301F-11D3-BF4B-00C04F79EFBC}") = "Circustrain", "Circustrain.csproj", "{87D5EA79-3CE9-4956-876C-EB0BDF93870C}"
EndProject
Project("{FAE04EC0-301F-11D3-BF4B-00C04F79EFBC}") = "Unittest", "..\Unittest\Unittest.csproj", "{8FF58E81-E8A0-4CC4-8C1A-694EEE802B12}"
EndProject
Global
	GlobalSection(SolutionConfigurationPlatforms) = preSolution
		Debug|Any CPU = Debug|Any CPU
		Release|Any CPU = Release|Any CPU
	EndGlobalSection
	GlobalSection(ProjectConfigurationPlatforms) = postSolution
		{87D5EA79-3CE9-4956-876C-EB0BDF93870C}.Debug|Any CPU.ActiveCfg = Debug|Any CPU
		{87D5EA79-3CE9-4956-876C-EB0BDF93870C}.Debug|Any CPU.Build.0 = Debug|Any CPU
		{87D5EA79-3CE9-4956-876C-EB0BDF93870C}.Release|Any CPU.ActiveCfg = Release|Any CPU
		{87D5EA79-3CE9-4956-876C-EB0BDF93870C}.Release|Any CPU.Build.0 = Release|Any CPU
		{8FF58E81-E8A0-4CC4-8C1A-694EEE802B12}.Debug|Any CPU.ActiveCfg = Debug|Any CPU
		{8FF58E81-E8A0-4CC4-8C1A-694EEE802B12}.Debug|Any CPU.Build.0 = Debug|Any CPU
		{8FF58E81-E8A0-4CC4-8C1A-694EEE802B12}.Release|Any CPU.ActiveCfg = Release|Any CPU
		{8FF58E81-E8A0-4CC4-8C1A-694EEE802B12}.Release|Any CPU.Build.0 = Release|Any CPU
	EndGlobalSection
	GlobalSection(SolutionProperties) = preSolution
		HideSolutionNode = FALSE
	EndGlobalSection
	GlobalSection(ExtensibilityGlobals) = postSolution
		SolutionGuid = {496D4B81-8826-4F34-A277-062381FD8D49}
	EndGlobalSection
EndGlobal
