
Microsoft Visual Studio Solution File, Format Version 12.00
# Visual Studio Version 17
VisualStudioVersion = 17.4.33205.214
MinimumVisualStudioVersion = 10.0.40219.1
Project("{FAE04EC0-301F-11D3-BF4B-00C04F79EFBC}") = "ConsoleCircusTrain", "ConsoleCircusTrain.csproj", "{6DCD6E74-F4B2-4B68-A49B-C884097F74F8}"
EndProject
Project("{FAE04EC0-301F-11D3-BF4B-00C04F79EFBC}") = "ConsoleCircusTrainTest", "..\ConsoleCircusTrainTest\ConsoleCircusTrainTest.csproj", "{6F02011D-40D6-48B3-9E88-E090C1E95BEB}"
EndProject
Global
	GlobalSection(SolutionConfigurationPlatforms) = preSolution
		Debug|Any CPU = Debug|Any CPU
		Release|Any CPU = Release|Any CPU
	EndGlobalSection
	GlobalSection(ProjectConfigurationPlatforms) = postSolution
		{6DCD6E74-F4B2-4B68-A49B-C884097F74F8}.Debug|Any CPU.ActiveCfg = Debug|Any CPU
		{6DCD6E74-F4B2-4B68-A49B-C884097F74F8}.Debug|Any CPU.Build.0 = Debug|Any CPU
		{6DCD6E74-F4B2-4B68-A49B-C884097F74F8}.Release|Any CPU.ActiveCfg = Release|Any CPU
		{6DCD6E74-F4B2-4B68-A49B-C884097F74F8}.Release|Any CPU.Build.0 = Release|Any CPU
		{6F02011D-40D6-48B3-9E88-E090C1E95BEB}.Debug|Any CPU.ActiveCfg = Debug|Any CPU
		{6F02011D-40D6-48B3-9E88-E090C1E95BEB}.Debug|Any CPU.Build.0 = Debug|Any CPU
		{6F02011D-40D6-48B3-9E88-E090C1E95BEB}.Release|Any CPU.ActiveCfg = Release|Any CPU
		{6F02011D-40D6-48B3-9E88-E090C1E95BEB}.Release|Any CPU.Build.0 = Release|Any CPU
	EndGlobalSection
	GlobalSection(SolutionProperties) = preSolution
		HideSolutionNode = FALSE
	EndGlobalSection
	GlobalSection(ExtensibilityGlobals) = postSolution
		SolutionGuid = {6183A867-2E2B-43B3-9D24-B26C41EE6B6F}
	EndGlobalSection
EndGlobal
